
Microsoft Visual Studio Solution File, Format Version 12.00
# Visual Studio 2013
VisualStudioVersion = 12.0.31101.0
MinimumVisualStudioVersion = 10.0.40219.1
Project("{8BC9CEB8-8B4A-11D0-8D11-00A0C91BC942}") = "variables", "variables\variables.vcxproj", "{EDF554B1-8D24-4A13-AE48-7992AB0A2775}"
EndProject
Project("{8BC9CEB8-8B4A-11D0-8D11-00A0C91BC942}") = "structures", "structures\structures.vcxproj", "{A81F077F-5CB5-47B6-A76B-ADBD9F413903}"
EndProject
Global
	GlobalSection(SolutionConfigurationPlatforms) = preSolution
		Debug|Win32 = Debug|Win32
		Release|Win32 = Release|Win32
	EndGlobalSection
	GlobalSection(ProjectConfigurationPlatforms) = postSolution
		{EDF554B1-8D24-4A13-AE48-7992AB0A2775}.Debug|Win32.ActiveCfg = Debug|Win32
		{EDF554B1-8D24-4A13-AE48-7992AB0A2775}.Debug|Win32.Build.0 = Debug|Win32
		{EDF554B1-8D24-4A13-AE48-7992AB0A2775}.Release|Win32.ActiveCfg = Release|Win32
		{EDF554B1-8D24-4A13-AE48-7992AB0A2775}.Release|Win32.Build.0 = Release|Win32
		{A81F077F-5CB5-47B6-A76B-ADBD9F413903}.Debug|Win32.ActiveCfg = Debug|Win32
		{A81F077F-5CB5-47B6-A76B-ADBD9F413903}.Debug|Win32.Build.0 = Debug|Win32
		{A81F077F-5CB5-47B6-A76B-ADBD9F413903}.Release|Win32.ActiveCfg = Release|Win32
		{A81F077F-5CB5-47B6-A76B-ADBD9F413903}.Release|Win32.Build.0 = Release|Win32
	EndGlobalSection
	GlobalSection(SolutionProperties) = preSolution
		HideSolutionNode = FALSE
	EndGlobalSection
EndGlobal
